
Microsoft Visual Studio Solution File, Format Version 12.00
# Visual Studio Version 16
VisualStudioVersion = 16.0.30717.126
MinimumVisualStudioVersion = 10.0.40219.1
Project("{FAE04EC0-301F-11D3-BF4B-00C04F79EFBC}") = "PopulatingDependentDropdownListFromDb", "PopulatingDependentDropdownListFromDb\PopulatingDependentDropdownListFromDb.csproj", "{8AA43A0F-5435-4233-80FA-22D47E9395E4}"
EndProject
Global
	GlobalSection(SolutionConfigurationPlatforms) = preSolution
		Debug|Any CPU = Debug|Any CPU
		Release|Any CPU = Release|Any CPU
	EndGlobalSection
	GlobalSection(ProjectConfigurationPlatforms) = postSolution
		{8AA43A0F-5435-4233-80FA-22D47E9395E4}.Debug|Any CPU.ActiveCfg = Debug|Any CPU
		{8AA43A0F-5435-4233-80FA-22D47E9395E4}.Debug|Any CPU.Build.0 = Debug|Any CPU
		{8AA43A0F-5435-4233-80FA-22D47E9395E4}.Release|Any CPU.ActiveCfg = Release|Any CPU
		{8AA43A0F-5435-4233-80FA-22D47E9395E4}.Release|Any CPU.Build.0 = Release|Any CPU
	EndGlobalSection
	GlobalSection(SolutionProperties) = preSolution
		HideSolutionNode = FALSE
	EndGlobalSection
	GlobalSection(ExtensibilityGlobals) = postSolution
		SolutionGuid = {466965A7-AF4E-4FC5-B78F-B337D8F6DE3F}
	EndGlobalSection
EndGlobal
